
Microsoft Visual Studio Solution File, Format Version 12.00
# Visual Studio Version 16
VisualStudioVersion = 16.0.31205.134
MinimumVisualStudioVersion = 10.0.40219.1
Project("{2150E333-8FDC-42A3-9474-1A3956D46DE8}") = "src", "src", "{81B9B8F7-B345-4730-A0F4-3545B0A2C418}"
EndProject
Project("{FAE04EC0-301F-11D3-BF4B-00C04F79EFBC}") = "Shopi.Ordering.Domain", "src\Shopi.Ordering.Domain\Shopi.Ordering.Domain.csproj", "{D8094181-1CD4-479B-9D7F-B2A6A18FDEA2}"
EndProject
Project("{FAE04EC0-301F-11D3-BF4B-00C04F79EFBC}") = "Shopi.Ordering.Application", "src\Shopi.Ordering.Application\Shopi.Ordering.Application.csproj", "{9430A44E-F91F-4D93-B472-20450EA446E4}"
EndProject
Project("{FAE04EC0-301F-11D3-BF4B-00C04F79EFBC}") = "Shopi.Ordering.Infrastructure", "src\Shopi.Ordering.Infrastructure\Shopi.Ordering.Infrastructure.csproj", "{B3217783-F48D-4C28-8949-BE84B963B533}"
EndProject
Project("{FAE04EC0-301F-11D3-BF4B-00C04F79EFBC}") = "Shopi.Ordering.API", "src\Shopi.Ordering.API\Shopi.Ordering.API.csproj", "{C65FB337-C10E-4FC5-B45F-AE6DAEBF4850}"
EndProject
Global
	GlobalSection(SolutionConfigurationPlatforms) = preSolution
		Debug|Any CPU = Debug|Any CPU
		Release|Any CPU = Release|Any CPU
	EndGlobalSection
	GlobalSection(ProjectConfigurationPlatforms) = postSolution
		{D8094181-1CD4-479B-9D7F-B2A6A18FDEA2}.Debug|Any CPU.ActiveCfg = Debug|Any CPU
		{D8094181-1CD4-479B-9D7F-B2A6A18FDEA2}.Debug|Any CPU.Build.0 = Debug|Any CPU
		{D8094181-1CD4-479B-9D7F-B2A6A18FDEA2}.Release|Any CPU.ActiveCfg = Release|Any CPU
		{D8094181-1CD4-479B-9D7F-B2A6A18FDEA2}.Release|Any CPU.Build.0 = Release|Any CPU
		{9430A44E-F91F-4D93-B472-20450EA446E4}.Debug|Any CPU.ActiveCfg = Debug|Any CPU
		{9430A44E-F91F-4D93-B472-20450EA446E4}.Debug|Any CPU.Build.0 = Debug|Any CPU
		{9430A44E-F91F-4D93-B472-20450EA446E4}.Release|Any CPU.ActiveCfg = Release|Any CPU
		{9430A44E-F91F-4D93-B472-20450EA446E4}.Release|Any CPU.Build.0 = Release|Any CPU
		{B3217783-F48D-4C28-8949-BE84B963B533}.Debug|Any CPU.ActiveCfg = Debug|Any CPU
		{B3217783-F48D-4C28-8949-BE84B963B533}.Debug|Any CPU.Build.0 = Debug|Any CPU
		{B3217783-F48D-4C28-8949-BE84B963B533}.Release|Any CPU.ActiveCfg = Release|Any CPU
		{B3217783-F48D-4C28-8949-BE84B963B533}.Release|Any CPU.Build.0 = Release|Any CPU
		{C65FB337-C10E-4FC5-B45F-AE6DAEBF4850}.Debug|Any CPU.ActiveCfg = Debug|Any CPU
		{C65FB337-C10E-4FC5-B45F-AE6DAEBF4850}.Debug|Any CPU.Build.0 = Debug|Any CPU
		{C65FB337-C10E-4FC5-B45F-AE6DAEBF4850}.Release|Any CPU.ActiveCfg = Release|Any CPU
		{C65FB337-C10E-4FC5-B45F-AE6DAEBF4850}.Release|Any CPU.Build.0 = Release|Any CPU
	EndGlobalSection
	GlobalSection(SolutionProperties) = preSolution
		HideSolutionNode = FALSE
	EndGlobalSection
	GlobalSection(NestedProjects) = preSolution
		{D8094181-1CD4-479B-9D7F-B2A6A18FDEA2} = {81B9B8F7-B345-4730-A0F4-3545B0A2C418}
		{9430A44E-F91F-4D93-B472-20450EA446E4} = {81B9B8F7-B345-4730-A0F4-3545B0A2C418}
		{B3217783-F48D-4C28-8949-BE84B963B533} = {81B9B8F7-B345-4730-A0F4-3545B0A2C418}
		{C65FB337-C10E-4FC5-B45F-AE6DAEBF4850} = {81B9B8F7-B345-4730-A0F4-3545B0A2C418}
	EndGlobalSection
	GlobalSection(ExtensibilityGlobals) = postSolution
		SolutionGuid = {76C95EAD-D3F7-4149-8C7D-5AABEC2F0236}
	EndGlobalSection
EndGlobal
